// !$*UTF8*$!
{
	archiveVersion = 1;
	classes = {
	};
	objectVersion = 46;
	objects = {

/* Begin PBXBuildFile section */
		2A1C57F01911859B007013D2 /* Foundation.framework in Frameworks */ = {isa = PBXBuildFile; fileRef = 2A1C57EF1911859B007013D2 /* Foundation.framework */; };
		2A1C57F21911859B007013D2 /* CoreGraphics.framework in Frameworks */ = {isa = PBXBuildFile; fileRef = 2A1C57F11911859B007013D2 /* CoreGraphics.framework */; };
		2A1C57F41911859B007013D2 /* UIKit.framework in Frameworks */ = {isa = PBXBuildFile; fileRef = 2A1C57F31911859B007013D2 /* UIKit.framework */; };
		2A1C57FA1911859B007013D2 /* InfoPlist.strings in Resources */ = {isa = PBXBuildFile; fileRef = 2A1C57F81911859B007013D2 /* InfoPlist.strings */; };
		2A1C57FC1911859B007013D2 /* main.m in Sources */ = {isa = PBXBuildFile; fileRef = 2A1C57FB1911859B007013D2 /* main.m */; };
		2A1C58081911859B007013D2 /* Images.xcassets in Resources */ = {isa = PBXBuildFile; fileRef = 2A1C58071911859B007013D2 /* Images.xcassets */; };
		2A1C580F1911859B007013D2 /* XCTest.framework in Frameworks */ = {isa = PBXBuildFile; fileRef = 2A1C580E1911859B007013D2 /* XCTest.framework */; };
		2A1C58101911859B007013D2 /* Foundation.framework in Frameworks */ = {isa = PBXBuildFile; fileRef = 2A1C57EF1911859B007013D2 /* Foundation.framework */; };
		2A1C58111911859B007013D2 /* UIKit.framework in Frameworks */ = {isa = PBXBuildFile; fileRef = 2A1C57F31911859B007013D2 /* UIKit.framework */; };
		2A1C58191911859B007013D2 /* InfoPlist.strings in Resources */ = {isa = PBXBuildFile; fileRef = 2A1C58171911859B007013D2 /* InfoPlist.strings */; };
		2A1C581B1911859B007013D2 /* RASlideInViewController_DemoTests.m in Sources */ = {isa = PBXBuildFile; fileRef = 2A1C581A1911859B007013D2 /* RASlideInViewController_DemoTests.m */; };
		2A1C582B191185AF007013D2 /* RANewSlideInViewController.m in Sources */ = {isa = PBXBuildFile; fileRef = 2A1C5826191185AF007013D2 /* RANewSlideInViewController.m */; };
		2A1C582C191185AF007013D2 /* RASlideInViewController.m in Sources */ = {isa = PBXBuildFile; fileRef = 2A1C5828191185AF007013D2 /* RASlideInViewController.m */; };
		2A1C582D191185AF007013D2 /* RAViewController.m in Sources */ = {isa = PBXBuildFile; fileRef = 2A1C582A191185AF007013D2 /* RAViewController.m */; };
		2A1C58301911861B007013D2 /* RAAppDelegate.m in Sources */ = {isa = PBXBuildFile; fileRef = 2A1C582F1911861B007013D2 /* RAAppDelegate.m */; };
		2A1C583219118674007013D2 /* Main.storyboard in Resources */ = {isa = PBXBuildFile; fileRef = 2A1C583119118674007013D2 /* Main.storyboard */; };
/* End PBXBuildFile section */

/* Begin PBXContainerItemProxy section */
		2A1C58121911859B007013D2 /* PBXContainerItemProxy */ = {
			isa = PBXContainerItemProxy;
			containerPortal = 2A1C57E41911859B007013D2 /* Project object */;
			proxyType = 1;
			remoteGlobalIDString = 2A1C57EB1911859B007013D2;
			remoteInfo = "RASlideInViewController-Demo";
		};
/* End PBXContainerItemProxy section */

/* Begin PBXFileReference section */
		2A1C57EC1911859B007013D2 /* RASlideInViewController-Demo.app */ = {isa = PBXFileReference; explicitFileType = wrapper.application; includeInIndex = 0; path = "RASlideInViewController-Demo.app"; sourceTree = BUILT_PRODUCTS_DIR; };
		2A1C57EF1911859B007013D2 /* Foundation.framework */ = {isa = PBXFileReference; lastKnownFileType = wrapper.framework; name = Foundation.framework; path = System/Library/Frameworks/Foundation.framework; sourceTree = SDKROOT; };
		2A1C57F11911859B007013D2 /* CoreGraphics.framework */ = {isa = PBXFileReference; lastKnownFileType = wrapper.framework; name = CoreGraphics.framework; path = System/Library/Frameworks/CoreGraphics.framework; sourceTree = SDKROOT; };
		2A1C57F31911859B007013D2 /* UIKit.framework */ = {isa = PBXFileReference; lastKnownFileType = wrapper.framework; name = UIKit.framework; path = System/Library/Frameworks/UIKit.framework; sourceTree = SDKROOT; };
		2A1C57F71911859B007013D2 /* RASlideInViewController-Demo-Info.plist */ = {isa = PBXFileReference; lastKnownFileType = text.plist.xml; path = "RASlideInViewController-Demo-Info.plist"; sourceTree = "<group>"; };
		2A1C57F91911859B007013D2 /* en */ = {isa = PBXFileReference; lastKnownFileType = text.plist.strings; name = en; path = en.lproj/InfoPlist.strings; sourceTree = "<group>"; };
		2A1C57FB1911859B007013D2 /* main.m */ = {isa = PBXFileReference; lastKnownFileType = sourcecode.c.objc; path = main.m; sourceTree = "<group>"; };
		2A1C57FD1911859B007013D2 /* RASlideInViewController-Demo-Prefix.pch */ = {isa = PBXFileReference; lastKnownFileType = sourcecode.c.h; path = "RASlideInViewController-Demo-Prefix.pch"; sourceTree = "<group>"; };
		2A1C58071911859B007013D2 /* Images.xcassets */ = {isa = PBXFileReference; lastKnownFileType = folder.assetcatalog; path = Images.xcassets; sourceTree = "<group>"; };
		2A1C580D1911859B007013D2 /* RASlideInViewController-DemoTests.xctest */ = {isa = PBXFileReference; explicitFileType = wrapper.cfbundle; includeInIndex = 0; path = "RASlideInViewController-DemoTests.xctest"; sourceTree = BUILT_PRODUCTS_DIR; };
		2A1C580E1911859B007013D2 /* XCTest.framework */ = {isa = PBXFileReference; lastKnownFileType = wrapper.framework; name = XCTest.framework; path = Library/Frameworks/XCTest.framework; sourceTree = DEVELOPER_DIR; };
		2A1C58161911859B007013D2 /* RASlideInViewController-DemoTests-Info.plist */ = {isa = PBXFileReference; lastKnownFileType = text.plist.xml; path = "RASlideInViewController-DemoTests-Info.plist"; sourceTree = "<group>"; };
		2A1C58181911859B007013D2 /* en */ = {isa = PBXFileReference; lastKnownFileType = text.plist.strings; name = en; path = en.lproj/InfoPlist.strings; sourceTree = "<group>"; };
		2A1C581A1911859B007013D2 /* RASlideInViewController_DemoTests.m */ = {isa = PBXFileReference; lastKnownFileType = sourcecode.c.objc; path = RASlideInViewController_DemoTests.m; sourceTree = "<group>"; };
		2A1C5825191185AF007013D2 /* RANewSlideInViewController.h */ = {isa = PBXFileReference; fileEncoding = 4; lastKnownFileType = sourcecode.c.h; name = RANewSlideInViewController.h; path = RASlideInViewController/RANewSlideInViewController.h; sourceTree = "<group>"; };
		2A1C5826191185AF007013D2 /* RANewSlideInViewController.m */ = {isa = PBXFileReference; fileEncoding = 4; lastKnownFileType = sourcecode.c.objc; name = RANewSlideInViewController.m; path = RASlideInViewController/RANewSlideInViewController.m; sourceTree = "<group>"; };
		2A1C5827191185AF007013D2 /* RASlideInViewController.h */ = {isa = PBXFileReference; fileEncoding = 4; lastKnownFileType = sourcecode.c.h; path = RASlideInViewController.h; sourceTree = "<group>"; };
		2A1C5828191185AF007013D2 /* RASlideInViewController.m */ = {isa = PBXFileReference; fileEncoding = 4; lastKnownFileType = sourcecode.c.objc; path = RASlideInViewController.m; sourceTree = "<group>"; };
		2A1C5829191185AF007013D2 /* RAViewController.h */ = {isa = PBXFileReference; fileEncoding = 4; lastKnownFileType = sourcecode.c.h; name = RAViewController.h; path = RASlideInViewController/RAViewController.h; sourceTree = "<group>"; };
		2A1C582A191185AF007013D2 /* RAViewController.m */ = {isa = PBXFileReference; fileEncoding = 4; lastKnownFileType = sourcecode.c.objc; name = RAViewController.m; path = RASlideInViewController/RAViewController.m; sourceTree = "<group>"; };
		2A1C582E1911861B007013D2 /* RAAppDelegate.h */ = {isa = PBXFileReference; fileEncoding = 4; lastKnownFileType = sourcecode.c.h; path = RAAppDelegate.h; sourceTree = "<group>"; };
		2A1C582F1911861B007013D2 /* RAAppDelegate.m */ = {isa = PBXFileReference; fileEncoding = 4; lastKnownFileType = sourcecode.c.objc; path = RAAppDelegate.m; sourceTree = "<group>"; };
		2A1C583119118674007013D2 /* Main.storyboard */ = {isa = PBXFileReference; fileEncoding = 4; lastKnownFileType = file.storyboard; path = Main.storyboard; sourceTree = "<group>"; };
/* End PBXFileReference section */

/* Begin PBXFrameworksBuildPhase section */
		2A1C57E91911859B007013D2 /* Frameworks */ = {
			isa = PBXFrameworksBuildPhase;
			buildActionMask = 2147483647;
			files = (
				2A1C57F21911859B007013D2 /* CoreGraphics.framework in Frameworks */,
				2A1C57F41911859B007013D2 /* UIKit.framework in Frameworks */,
				2A1C57F01911859B007013D2 /* Foundation.framework in Frameworks */,
			);
			runOnlyForDeploymentPostprocessing = 0;
		};
		2A1C580A1911859B007013D2 /* Frameworks */ = {
			isa = PBXFrameworksBuildPhase;
			buildActionMask = 2147483647;
			files = (
				2A1C580F1911859B007013D2 /* XCTest.framework in Frameworks */,
				2A1C58111911859B007013D2 /* UIKit.framework in Frameworks */,
				2A1C58101911859B007013D2 /* Foundation.framework in Frameworks */,
			);
			runOnlyForDeploymentPostprocessing = 0;
		};
/* End PBXFrameworksBuildPhase section */

/* Begin PBXGroup section */
		2A1C57E31911859B007013D2 = {
			isa = PBXGroup;
			children = (
				2A1C5824191185AF007013D2 /* RASlideInViewController */,
				2A1C57F51911859B007013D2 /* RASlideInViewController-Demo */,
				2A1C58141911859B007013D2 /* RASlideInViewController-DemoTests */,
				2A1C57EE1911859B007013D2 /* Frameworks */,
				2A1C57ED1911859B007013D2 /* Products */,
			);
			sourceTree = "<group>";
		};
		2A1C57ED1911859B007013D2 /* Products */ = {
			isa = PBXGroup;
			children = (
				2A1C57EC1911859B007013D2 /* RASlideInViewController-Demo.app */,
				2A1C580D1911859B007013D2 /* RASlideInViewController-DemoTests.xctest */,
			);
			name = Products;
			sourceTree = "<group>";
		};
		2A1C57EE1911859B007013D2 /* Frameworks */ = {
			isa = PBXGroup;
			children = (
				2A1C57EF1911859B007013D2 /* Foundation.framework */,
				2A1C57F11911859B007013D2 /* CoreGraphics.framework */,
				2A1C57F31911859B007013D2 /* UIKit.framework */,
				2A1C580E1911859B007013D2 /* XCTest.framework */,
			);
			name = Frameworks;
			sourceTree = "<group>";
		};
		2A1C57F51911859B007013D2 /* RASlideInViewController-Demo */ = {
			isa = PBXGroup;
			children = (
				2A1C582E1911861B007013D2 /* RAAppDelegate.h */,
				2A1C582F1911861B007013D2 /* RAAppDelegate.m */,
				2A1C583119118674007013D2 /* Main.storyboard */,
				2A1C5825191185AF007013D2 /* RANewSlideInViewController.h */,
				2A1C5826191185AF007013D2 /* RANewSlideInViewController.m */,
				2A1C5829191185AF007013D2 /* RAViewController.h */,
				2A1C582A191185AF007013D2 /* RAViewController.m */,
				2A1C58071911859B007013D2 /* Images.xcassets */,
				2A1C57F61911859B007013D2 /* Supporting Files */,
			);
			path = "RASlideInViewController-Demo";
			sourceTree = "<group>";
		};
		2A1C57F61911859B007013D2 /* Supporting Files */ = {
			isa = PBXGroup;
			children = (
				2A1C57F71911859B007013D2 /* RASlideInViewController-Demo-Info.plist */,
				2A1C57F81911859B007013D2 /* InfoPlist.strings */,
				2A1C57FB1911859B007013D2 /* main.m */,
				2A1C57FD1911859B007013D2 /* RASlideInViewController-Demo-Prefix.pch */,
			);
			name = "Supporting Files";
			sourceTree = "<group>";
		};
		2A1C58141911859B007013D2 /* RASlideInViewController-DemoTests */ = {
			isa = PBXGroup;
			children = (
				2A1C581A1911859B007013D2 /* RASlideInViewController_DemoTests.m */,
				2A1C58151911859B007013D2 /* Supporting Files */,
			);
			path = "RASlideInViewController-DemoTests";
			sourceTree = "<group>";
		};
		2A1C58151911859B007013D2 /* Supporting Files */ = {
			isa = PBXGroup;
			children = (
				2A1C58161911859B007013D2 /* RASlideInViewController-DemoTests-Info.plist */,
				2A1C58171911859B007013D2 /* InfoPlist.strings */,
			);
			name = "Supporting Files";
			sourceTree = "<group>";
		};
		2A1C5824191185AF007013D2 /* RASlideInViewController */ = {
			isa = PBXGroup;
			children = (
				2A1C5827191185AF007013D2 /* RASlideInViewController.h */,
				2A1C5828191185AF007013D2 /* RASlideInViewController.m */,
			);
			name = RASlideInViewController;
			path = "RASlideInViewController-Demo/RASlideInViewController";
			sourceTree = "<group>";
		};
/* End PBXGroup section */

/* Begin PBXNativeTarget section */
		2A1C57EB1911859B007013D2 /* RASlideInViewController-Demo */ = {
			isa = PBXNativeTarget;
			buildConfigurationList = 2A1C581E1911859B007013D2 /* Build configuration list for PBXNativeTarget "RASlideInViewController-Demo" */;
			buildPhases = (
				2A1C57E81911859B007013D2 /* Sources */,
				2A1C57E91911859B007013D2 /* Frameworks */,
				2A1C57EA1911859B007013D2 /* Resources */,
			);
			buildRules = (
			);
			dependencies = (
			);
			name = "RASlideInViewController-Demo";
			productName = "RASlideInViewController-Demo";
			productReference = 2A1C57EC1911859B007013D2 /* RASlideInViewController-Demo.app */;
			productType = "com.apple.product-type.application";
		};
		2A1C580C1911859B007013D2 /* RASlideInViewController-DemoTests */ = {
			isa = PBXNativeTarget;
			buildConfigurationList = 2A1C58211911859B007013D2 /* Build configuration list for PBXNativeTarget "RASlideInViewController-DemoTests" */;
			buildPhases = (
				2A1C58091911859B007013D2 /* Sources */,
				2A1C580A1911859B007013D2 /* Frameworks */,
				2A1C580B1911859B007013D2 /* Resources */,
			);
			buildRules = (
			);
			dependencies = (
				2A1C58131911859B007013D2 /* PBXTargetDependency */,
			);
			name = "RASlideInViewController-DemoTests";
			productName = "RASlideInViewController-DemoTests";
			productReference = 2A1C580D1911859B007013D2 /* RASlideInViewController-DemoTests.xctest */;
			productType = "com.apple.product-type.bundle.unit-test";
		};
/* End PBXNativeTarget section */

/* Begin PBXProject section */
		2A1C57E41911859B007013D2 /* Project object */ = {
			isa = PBXProject;
			attributes = {
				CLASSPREFIX = RA;
				LastUpgradeCheck = 0510;
				ORGANIZATIONNAME = "Ryo Aoyama";
				TargetAttributes = {
					2A1C580C1911859B007013D2 = {
						TestTargetID = 2A1C57EB1911859B007013D2;
					};
				};
			};
			buildConfigurationList = 2A1C57E71911859B007013D2 /* Build configuration list for PBXProject "RASlideInViewController-Demo" */;
			compatibilityVersion = "Xcode 3.2";
			developmentRegion = English;
			hasScannedForEncodings = 0;
			knownRegions = (
				en,
				Base,
			);
			mainGroup = 2A1C57E31911859B007013D2;
			productRefGroup = 2A1C57ED1911859B007013D2 /* Products */;
			projectDirPath = "";
			projectRoot = "";
			targets = (
				2A1C57EB1911859B007013D2 /* RASlideInViewController-Demo */,
				2A1C580C1911859B007013D2 /* RASlideInViewController-DemoTests */,
			);
		};
/* End PBXProject section */

/* Begin PBXResourcesBuildPhase section */
		2A1C57EA1911859B007013D2 /* Resources */ = {
			isa = PBXResourcesBuildPhase;
			buildActionMask = 2147483647;
			files = (
				2A1C583219118674007013D2 /* Main.storyboard in Resources */,
				2A1C58081911859B007013D2 /* Images.xcassets in Resources */,
				2A1C57FA1911859B007013D2 /* InfoPlist.strings in Resources */,
			);
			runOnlyForDeploymentPostprocessing = 0;
		};
		2A1C580B1911859B007013D2 /* Resources */ = {
			isa = PBXResourcesBuildPhase;
			buildActionMask = 2147483647;
			files = (
				2A1C58191911859B007013D2 /* InfoPlist.strings in Resources */,
			);
			runOnlyForDeploymentPostprocessing = 0;
		};
/* End PBXResourcesBuildPhase section */

/* Begin PBXSourcesBuildPhase section */
		2A1C57E81911859B007013D2 /* Sources */ = {
			isa = PBXSourcesBuildPhase;
			buildActionMask = 2147483647;
			files = (
				2A1C57FC1911859B007013D2 /* main.m in Sources */,
				2A1C582C191185AF007013D2 /* RASlideInViewController.m in Sources */,
				2A1C582B191185AF007013D2 /* RANewSlideInViewController.m in Sources */,
				2A1C58301911861B007013D2 /* RAAppDelegate.m in Sources */,
				2A1C582D191185AF007013D2 /* RAViewController.m in Sources */,
			);
			runOnlyForDeploymentPostprocessing = 0;
		};
		2A1C58091911859B007013D2 /* Sources */ = {
			isa = PBXSourcesBuildPhase;
			buildActionMask = 2147483647;
			files = (
				2A1C581B1911859B007013D2 /* RASlideInViewController_DemoTests.m in Sources */,
			);
			runOnlyForDeploymentPostprocessing = 0;
		};
/* End PBXSourcesBuildPhase section */

/* Begin PBXTargetDependency section */
		2A1C58131911859B007013D2 /* PBXTargetDependency */ = {
			isa = PBXTargetDependency;
			target = 2A1C57EB1911859B007013D2 /* RASlideInViewController-Demo */;
			targetProxy = 2A1C58121911859B007013D2 /* PBXContainerItemProxy */;
		};
/* End PBXTargetDependency section */

/* Begin PBXVariantGroup section */
		2A1C57F81911859B007013D2 /* InfoPlist.strings */ = {
			isa = PBXVariantGroup;
			children = (
				2A1C57F91911859B007013D2 /* en */,
			);
			name = InfoPlist.strings;
			sourceTree = "<group>";
		};
		2A1C58171911859B007013D2 /* InfoPlist.strings */ = {
			isa = PBXVariantGroup;
			children = (
				2A1C58181911859B007013D2 /* en */,
			);
			name = InfoPlist.strings;
			sourceTree = "<group>";
		};
/* End PBXVariantGroup section */

/* Begin XCBuildConfiguration section */
		2A1C581C1911859B007013D2 /* Debug */ = {
			isa = XCBuildConfiguration;
			buildSettings = {
				ALWAYS_SEARCH_USER_PATHS = NO;
				CLANG_CXX_LANGUAGE_STANDARD = "gnu++0x";
				CLANG_CXX_LIBRARY = "libc++";
				CLANG_ENABLE_MODULES = YES;
				CLANG_ENABLE_OBJC_ARC = YES;
				CLANG_WARN_BOOL_CONVERSION = YES;
				CLANG_WARN_CONSTANT_CONVERSION = YES;
				CLANG_WARN_DIRECT_OBJC_ISA_USAGE = YES_ERROR;
				CLANG_WARN_EMPTY_BODY = YES;
				CLANG_WARN_ENUM_CONVERSION = YES;
				CLANG_WARN_INT_CONVERSION = YES;
				CLANG_WARN_OBJC_ROOT_CLASS = YES_ERROR;
				CLANG_WARN__DUPLICATE_METHOD_MATCH = YES;
				"CODE_SIGN_IDENTITY[sdk=iphoneos*]" = "iPhone Developer";
				COPY_PHASE_STRIP = NO;
				GCC_C_LANGUAGE_STANDARD = gnu99;
				GCC_DYNAMIC_NO_PIC = NO;
				GCC_OPTIMIZATION_LEVEL = 0;
				GCC_PREPROCESSOR_DEFINITIONS = (
					"DEBUG=1",
					"$(inherited)",
				);
				GCC_SYMBOLS_PRIVATE_EXTERN = NO;
				GCC_WARN_64_TO_32_BIT_CONVERSION = YES;
				GCC_WARN_ABOUT_RETURN_TYPE = YES_ERROR;
				GCC_WARN_UNDECLARED_SELECTOR = YES;
				GCC_WARN_UNINITIALIZED_AUTOS = YES_AGGRESSIVE;
				GCC_WARN_UNUSED_FUNCTION = YES;
				GCC_WARN_UNUSED_VARIABLE = YES;
				IPHONEOS_DEPLOYMENT_TARGET = 7.0;
				ONLY_ACTIVE_ARCH = YES;
				SDKROOT = iphoneos;
			};
			name = Debug;
		};
		2A1C581D1911859B007013D2 /* Release */ = {
			isa = XCBuildConfiguration;
			buildSettings = {
				ALWAYS_SEARCH_USER_PATHS = NO;
				CLANG_CXX_LANGUAGE_STANDARD = "gnu++0x";
				CLANG_CXX_LIBRARY = "libc++";
				CLANG_ENABLE_MODULES = YES;
				CLANG_ENABLE_OBJC_ARC = YES;
				CLANG_WARN_BOOL_CONVERSION = YES;
				CLANG_WARN_CONSTANT_CONVERSION = YES;
				CLANG_WARN_DIRECT_OBJC_ISA_USAGE = YES_ERROR;
				CLANG_WARN_EMPTY_BODY = YES;
				CLANG_WARN_ENUM_CONVERSION = YES;
				CLANG_WARN_INT_CONVERSION = YES;
				CLANG_WARN_OBJC_ROOT_CLASS = YES_ERROR;
				CLANG_WARN__DUPLICATE_METHOD_MATCH = YES;
				"CODE_SIGN_IDENTITY[sdk=iphoneos*]" = "iPhone Developer";
				COPY_PHASE_STRIP = YES;
				ENABLE_NS_ASSERTIONS = NO;
				GCC_C_LANGUAGE_STANDARD = gnu99;
				GCC_WARN_64_TO_32_BIT_CONVERSION = YES;
				GCC_WARN_ABOUT_RETURN_TYPE = YES_ERROR;
				GCC_WARN_UNDECLARED_SELECTOR = YES;
				GCC_WARN_UNINITIALIZED_AUTOS = YES_AGGRESSIVE;
				GCC_WARN_UNUSED_FUNCTION = YES;
				GCC_WARN_UNUSED_VARIABLE = YES;
				IPHONEOS_DEPLOYMENT_TARGET = 7.0;
				SDKROOT = iphoneos;
				VALIDATE_PRODUCT = YES;
			};
			name = Release;
		};
		2A1C581F1911859B007013D2 /* Debug */ = {
			isa = XCBuildConfiguration;
			buildSettings = {
				ASSETCATALOG_COMPILER_APPICON_NAME = AppIcon;
				ASSETCATALOG_COMPILER_LAUNCHIMAGE_NAME = LaunchImage;
				GCC_PRECOMPILE_PREFIX_HEADER = YES;
				GCC_PREFIX_HEADER = "RASlideInViewController-Demo/RASlideInViewController-Demo-Prefix.pch";
				INFOPLIST_FILE = "RASlideInViewController-Demo/RASlideInViewController-Demo-Info.plist";
				IPHONEOS_DEPLOYMENT_TARGET = 7.0;
				PRODUCT_NAME = "$(TARGET_NAME)";
				WRAPPER_EXTENSION = app;
			};
			name = Debug;
		};
		2A1C58201911859B007013D2 /* Release */ = {
			isa = XCBuildConfiguration;
			buildSettings = {
				ASSETCATALOG_COMPILER_APPICON_NAME = AppIcon;
				ASSETCATALOG_COMPILER_LAUNCHIMAGE_NAME = LaunchImage;
				GCC_PRECOMPILE_PREFIX_HEADER = YES;
				GCC_PREFIX_HEADER = "RASlideInViewController-Demo/RASlideInViewController-Demo-Prefix.pch";
				INFOPLIST_FILE = "RASlideInViewController-Demo/RASlideInViewController-Demo-Info.plist";
				IPHONEOS_DEPLOYMENT_TARGET = 7.0;
				PRODUCT_NAME = "$(TARGET_NAME)";
				WRAPPER_EXTENSION = app;
			};
			name = Release;
		};
		2A1C58221911859B007013D2 /* Debug */ = {
			isa = XCBuildConfiguration;
			buildSettings = {
				BUNDLE_LOADER = "$(BUILT_PRODUCTS_DIR)/RASlideInViewController-Demo.app/RASlideInViewController-Demo";
				FRAMEWORK_SEARCH_PATHS = (
					"$(SDKROOT)/Developer/Library/Frameworks",
					"$(inherited)",
					"$(DEVELOPER_FRAMEWORKS_DIR)",
				);
				GCC_PRECOMPILE_PREFIX_HEADER = YES;
				GCC_PREFIX_HEADER = "RASlideInViewController-Demo/RASlideInViewController-Demo-Prefix.pch";
				GCC_PREPROCESSOR_DEFINITIONS = (
					"DEBUG=1",
					"$(inherited)",
				);
				INFOPLIST_FILE = "RASlideInViewController-DemoTests/RASlideInViewController-DemoTests-Info.plist";
				PRODUCT_NAME = "$(TARGET_NAME)";
				TEST_HOST = "$(BUNDLE_LOADER)";
				WRAPPER_EXTENSION = xctest;
			};
			name = Debug;
		};
		2A1C58231911859B007013D2 /* Release */ = {
			isa = XCBuildConfiguration;
			buildSettings = {
				BUNDLE_LOADER = "$(BUILT_PRODUCTS_DIR)/RASlideInViewController-Demo.app/RASlideInViewController-Demo";
				FRAMEWORK_SEARCH_PATHS = (
					"$(SDKROOT)/Developer/Library/Frameworks",
					"$(inherited)",
					"$(DEVELOPER_FRAMEWORKS_DIR)",
				);
				GCC_PRECOMPILE_PREFIX_HEADER = YES;
				GCC_PREFIX_HEADER = "RASlideInViewController-Demo/RASlideInViewController-Demo-Prefix.pch";
				INFOPLIST_FILE = "RASlideInViewController-DemoTests/RASlideInViewController-DemoTests-Info.plist";
				PRODUCT_NAME = "$(TARGET_NAME)";
				TEST_HOST = "$(BUNDLE_LOADER)";
				WRAPPER_EXTENSION = xctest;
			};
			name = Release;
		};
/* End XCBuildConfiguration section */

/* Begin XCConfigurationList section */
		2A1C57E71911859B007013D2 /* Build configuration list for PBXProject "RASlideInViewController-Demo" */ = {
			isa = XCConfigurationList;
			buildConfigurations = (
				2A1C581C1911859B007013D2 /* Debug */,
				2A1C581D1911859B007013D2 /* Release */,
			);
			defaultConfigurationIsVisible = 0;
			defaultConfigurationName = Release;
		};
		2A1C581E1911859B007013D2 /* Build configuration list for PBXNativeTarget "RASlideInViewController-Demo" */ = {
			isa = XCConfigurationList;
			buildConfigurations = (
				2A1C581F1911859B007013D2 /* Debug */,
				2A1C58201911859B007013D2 /* Release */,
			);
			defaultConfigurationIsVisible = 0;
			defaultConfigurationName = Release;
		};
		2A1C58211911859B007013D2 /* Build configuration list for PBXNativeTarget "RASlideInViewController-DemoTests" */ = {
			isa = XCConfigurationList;
			buildConfigurations = (
				2A1C58221911859B007013D2 /* Debug */,
				2A1C58231911859B007013D2 /* Release */,
			);
			defaultConfigurationIsVisible = 0;
			defaultConfigurationName = Release;
		};
/* End XCConfigurationList section */
	};
	rootObject = 2A1C57E41911859B007013D2 /* Project object */;
}
